{
  "name": "chamber-copilot-acp-runtime",
  "version": "0.0.0",
  "lockfileVersion": 3,
  "requires": true,
  "packages": {
    "": {
      "name": "chamber-copilot-acp-runtime",
      "version": "0.0.0",
      "dependencies": {
        "chamber-copilot": "0.5.11"
      }
    },
    "node_modules/chamber-copilot": {
      "version": "0.5.11",
      "resolved": "https://registry.npmjs.org/chamber-copilot/-/chamber-copilot-0.5.11.tgz",
      "integrity": "sha512-Bw/bnF4DWSmM44JNH9CB/tH4RrIKcx4hP87bs2TlGoju/8/Q9YtZDrwkonOg7TttE53328OSajCgLoWne8eroQ==",
      "license": "MIT",
      "dependencies": {
        "vscode-jsonrpc": "^8.2.1"
      },
      "engines": {
        "node": ">=20"
      }
    },
    "node_modules/vscode-jsonrpc": {
      "version": "8.2.1",
      "resolved": "https://registry.npmjs.org/vscode-jsonrpc/-/vscode-jsonrpc-8.2.1.tgz",
      "integrity": "sha512-kdjOSJ2lLIn7r1rtrMbbNCHjyMPfRnowdKjBQ+mGq6NAW5QY2bEZC/khaC5OR8svbbjvLEaIXkOq45e2X9BIbQ==",
      "license": "MIT",
      "engines": {
        "node": ">=14.0.0"
      }
    }
  }
}
